
Microsoft Visual Studio Solution File, Format Version 12.00
# Visual Studio Version 17
VisualStudioVersion = 17.0.31611.283
MinimumVisualStudioVersion = 10.0.40219.1
Project("{9A19103F-16F7-4668-BE54-9A1E7A4F7556}") = "SketchOverlay", "SketchOverlay\SketchOverlay.csproj", "{5FD10638-ADD0-43E8-BE41-BC9309F27D64}"
EndProject
Project("{9A19103F-16F7-4668-BE54-9A1E7A4F7556}") = "SketchOverlay.Native", "SketchOverlay.Native\SketchOverlay.Native.csproj", "{CAD73054-975B-49CA-AAA4-F5AF8CD7AC5A}"
EndProject
Project("{9A19103F-16F7-4668-BE54-9A1E7A4F7556}") = "SketchOverlay.Native.Tests", "SketchOverlay.Native.Tests\SketchOverlay.Native.Tests.csproj", "{7DD47B35-7019-4CA3-8DF0-77E44F2EBAF5}"
EndProject
Project("{9A19103F-16F7-4668-BE54-9A1E7A4F7556}") = "SketchOverlay.Tests", "SketchOverlay.Tests\SketchOverlay.Tests.csproj", "{EE54C86C-C3C8-4EF6-BEDA-1F276A41FD73}"
EndProject
Project("{9A19103F-16F7-4668-BE54-9A1E7A4F7556}") = "SketchOverlay.Library", "SketchOverlay.Library\SketchOverlay.Library.csproj", "{B7CD9B41-D5D2-4BE3-A351-E0783142ED06}"
EndProject
Project("{FAE04EC0-301F-11D3-BF4B-00C04F79EFBC}") = "SketchOverlay.Library.Tests", "SketchOverlay.Library.Tests\SketchOverlay.Library.Tests.csproj", "{4E3D10F4-4E8D-4FE0-A79F-301D4EB08A0B}"
EndProject
Global
	GlobalSection(SolutionConfigurationPlatforms) = preSolution
		Debug|Any CPU = Debug|Any CPU
		Release|Any CPU = Release|Any CPU
	EndGlobalSection
	GlobalSection(ProjectConfigurationPlatforms) = postSolution
		{5FD10638-ADD0-43E8-BE41-BC9309F27D64}.Debug|Any CPU.ActiveCfg = Debug|Any CPU
		{5FD10638-ADD0-43E8-BE41-BC9309F27D64}.Debug|Any CPU.Build.0 = Debug|Any CPU
		{5FD10638-ADD0-43E8-BE41-BC9309F27D64}.Debug|Any CPU.Deploy.0 = Debug|Any CPU
		{5FD10638-ADD0-43E8-BE41-BC9309F27D64}.Release|Any CPU.ActiveCfg = Release|Any CPU
		{5FD10638-ADD0-43E8-BE41-BC9309F27D64}.Release|Any CPU.Build.0 = Release|Any CPU
		{5FD10638-ADD0-43E8-BE41-BC9309F27D64}.Release|Any CPU.Deploy.0 = Release|Any CPU
		{CAD73054-975B-49CA-AAA4-F5AF8CD7AC5A}.Debug|Any CPU.ActiveCfg = Debug|Any CPU
		{CAD73054-975B-49CA-AAA4-F5AF8CD7AC5A}.Debug|Any CPU.Build.0 = Debug|Any CPU
		{CAD73054-975B-49CA-AAA4-F5AF8CD7AC5A}.Release|Any CPU.ActiveCfg = Release|Any CPU
		{CAD73054-975B-49CA-AAA4-F5AF8CD7AC5A}.Release|Any CPU.Build.0 = Release|Any CPU
		{7DD47B35-7019-4CA3-8DF0-77E44F2EBAF5}.Debug|Any CPU.ActiveCfg = Debug|Any CPU
		{7DD47B35-7019-4CA3-8DF0-77E44F2EBAF5}.Debug|Any CPU.Build.0 = Debug|Any CPU
		{7DD47B35-7019-4CA3-8DF0-77E44F2EBAF5}.Release|Any CPU.ActiveCfg = Release|Any CPU
		{7DD47B35-7019-4CA3-8DF0-77E44F2EBAF5}.Release|Any CPU.Build.0 = Release|Any CPU
		{EE54C86C-C3C8-4EF6-BEDA-1F276A41FD73}.Debug|Any CPU.ActiveCfg = Debug|Any CPU
		{EE54C86C-C3C8-4EF6-BEDA-1F276A41FD73}.Debug|Any CPU.Build.0 = Debug|Any CPU
		{EE54C86C-C3C8-4EF6-BEDA-1F276A41FD73}.Release|Any CPU.ActiveCfg = Release|Any CPU
		{EE54C86C-C3C8-4EF6-BEDA-1F276A41FD73}.Release|Any CPU.Build.0 = Release|Any CPU
		{B7CD9B41-D5D2-4BE3-A351-E0783142ED06}.Debug|Any CPU.ActiveCfg = Debug|Any CPU
		{B7CD9B41-D5D2-4BE3-A351-E0783142ED06}.Debug|Any CPU.Build.0 = Debug|Any CPU
		{B7CD9B41-D5D2-4BE3-A351-E0783142ED06}.Release|Any CPU.ActiveCfg = Release|Any CPU
		{B7CD9B41-D5D2-4BE3-A351-E0783142ED06}.Release|Any CPU.Build.0 = Release|Any CPU
		{4E3D10F4-4E8D-4FE0-A79F-301D4EB08A0B}.Debug|Any CPU.ActiveCfg = Debug|Any CPU
		{4E3D10F4-4E8D-4FE0-A79F-301D4EB08A0B}.Debug|Any CPU.Build.0 = Debug|Any CPU
		{4E3D10F4-4E8D-4FE0-A79F-301D4EB08A0B}.Release|Any CPU.ActiveCfg = Release|Any CPU
		{4E3D10F4-4E8D-4FE0-A79F-301D4EB08A0B}.Release|Any CPU.Build.0 = Release|Any CPU
	EndGlobalSection
	GlobalSection(SolutionProperties) = preSolution
		HideSolutionNode = FALSE
	EndGlobalSection
	GlobalSection(ExtensibilityGlobals) = postSolution
		SolutionGuid = {61F7FB11-1E47-470C-91E2-47F8143E1572}
	EndGlobalSection
EndGlobal
