
Microsoft Visual Studio Solution File, Format Version 12.00
# Visual Studio Version 17
VisualStudioVersion = 17.0.31611.283
MinimumVisualStudioVersion = 10.0.40219.1
Project("{9A19103F-16F7-4668-BE54-9A1E7A4F7556}") = "SketchOverlay.Maui", "SketchOverlay.Maui\SketchOverlay.Maui.csproj", "{5FD10638-ADD0-43E8-BE41-BC9309F27D64}"
EndProject
Project("{9A19103F-16F7-4668-BE54-9A1E7A4F7556}") = "SketchOverlay.Library", "SketchOverlay.Library\SketchOverlay.Library.csproj", "{B7CD9B41-D5D2-4BE3-A351-E0783142ED06}"
EndProject
Project("{9A19103F-16F7-4668-BE54-9A1E7A4F7556}") = "SketchOverlay.Library.Tests", "SketchOverlay.Library.Tests\SketchOverlay.Library.Tests.csproj", "{4E3D10F4-4E8D-4FE0-A79F-301D4EB08A0B}"
EndProject
Project("{9A19103F-16F7-4668-BE54-9A1E7A4F7556}") = "SketchOverlay.Wpf", "SketchOverlay.Wpf\SketchOverlay.Wpf.csproj", "{BD9F1B37-45A6-41AB-8226-C5317112ED5D}"
EndProject
Project("{9A19103F-16F7-4668-BE54-9A1E7A4F7556}") = "SketchOverlay.Wpf.Tests", "SketchOverlay.Wpf.Tests\SketchOverlay.Wpf.Tests.csproj", "{53FECEF6-AA8F-4B84-94A6-9A11B2C90DCC}"
EndProject
Global
	GlobalSection(SolutionConfigurationPlatforms) = preSolution
		Debug|Any CPU = Debug|Any CPU
		Release|Any CPU = Release|Any CPU
	EndGlobalSection
	GlobalSection(ProjectConfigurationPlatforms) = postSolution
		{5FD10638-ADD0-43E8-BE41-BC9309F27D64}.Debug|Any CPU.ActiveCfg = Debug|Any CPU
		{5FD10638-ADD0-43E8-BE41-BC9309F27D64}.Debug|Any CPU.Build.0 = Debug|Any CPU
		{5FD10638-ADD0-43E8-BE41-BC9309F27D64}.Debug|Any CPU.Deploy.0 = Debug|Any CPU
		{5FD10638-ADD0-43E8-BE41-BC9309F27D64}.Release|Any CPU.ActiveCfg = Release|Any CPU
		{5FD10638-ADD0-43E8-BE41-BC9309F27D64}.Release|Any CPU.Build.0 = Release|Any CPU
		{5FD10638-ADD0-43E8-BE41-BC9309F27D64}.Release|Any CPU.Deploy.0 = Release|Any CPU
		{B7CD9B41-D5D2-4BE3-A351-E0783142ED06}.Debug|Any CPU.ActiveCfg = Debug|Any CPU
		{B7CD9B41-D5D2-4BE3-A351-E0783142ED06}.Debug|Any CPU.Build.0 = Debug|Any CPU
		{B7CD9B41-D5D2-4BE3-A351-E0783142ED06}.Release|Any CPU.ActiveCfg = Release|Any CPU
		{B7CD9B41-D5D2-4BE3-A351-E0783142ED06}.Release|Any CPU.Build.0 = Release|Any CPU
		{4E3D10F4-4E8D-4FE0-A79F-301D4EB08A0B}.Debug|Any CPU.ActiveCfg = Debug|Any CPU
		{4E3D10F4-4E8D-4FE0-A79F-301D4EB08A0B}.Debug|Any CPU.Build.0 = Debug|Any CPU
		{4E3D10F4-4E8D-4FE0-A79F-301D4EB08A0B}.Release|Any CPU.ActiveCfg = Release|Any CPU
		{4E3D10F4-4E8D-4FE0-A79F-301D4EB08A0B}.Release|Any CPU.Build.0 = Release|Any CPU
		{BD9F1B37-45A6-41AB-8226-C5317112ED5D}.Debug|Any CPU.ActiveCfg = Debug|Any CPU
		{BD9F1B37-45A6-41AB-8226-C5317112ED5D}.Debug|Any CPU.Build.0 = Debug|Any CPU
		{BD9F1B37-45A6-41AB-8226-C5317112ED5D}.Release|Any CPU.ActiveCfg = Release|Any CPU
		{BD9F1B37-45A6-41AB-8226-C5317112ED5D}.Release|Any CPU.Build.0 = Release|Any CPU
		{53FECEF6-AA8F-4B84-94A6-9A11B2C90DCC}.Debug|Any CPU.ActiveCfg = Debug|Any CPU
		{53FECEF6-AA8F-4B84-94A6-9A11B2C90DCC}.Debug|Any CPU.Build.0 = Debug|Any CPU
		{53FECEF6-AA8F-4B84-94A6-9A11B2C90DCC}.Release|Any CPU.ActiveCfg = Release|Any CPU
		{53FECEF6-AA8F-4B84-94A6-9A11B2C90DCC}.Release|Any CPU.Build.0 = Release|Any CPU
	EndGlobalSection
	GlobalSection(SolutionProperties) = preSolution
		HideSolutionNode = FALSE
	EndGlobalSection
	GlobalSection(ExtensibilityGlobals) = postSolution
		SolutionGuid = {61F7FB11-1E47-470C-91E2-47F8143E1572}
	EndGlobalSection
EndGlobal
